
Microsoft Visual Studio Solution File, Format Version 12.00
# Visual Studio 2013
VisualStudioVersion = 12.0.30723.0
MinimumVisualStudioVersion = 10.0.40219.1
Project("{FAE04EC0-301F-11D3-BF4B-00C04F79EFBC}") = "HelloAppveyor", "HelloAppveyor\HelloAppveyor.csproj", "{40167A39-E5D1-4910-B88A-3EA04B80C650}"
EndProject
Project("{FAE04EC0-301F-11D3-BF4B-00C04F79EFBC}") = "HelloAppveyor.Tests", "HelloAppveyor.Tests\HelloAppveyor.Tests.csproj", "{C6B9C442-7378-4394-87C3-84E4F557BFAC}"
EndProject
Global
	GlobalSection(SolutionConfigurationPlatforms) = preSolution
		Debug|Any CPU = Debug|Any CPU
		Release|Any CPU = Release|Any CPU
	EndGlobalSection
	GlobalSection(ProjectConfigurationPlatforms) = postSolution
		{40167A39-E5D1-4910-B88A-3EA04B80C650}.Debug|Any CPU.ActiveCfg = Debug|Any CPU
		{40167A39-E5D1-4910-B88A-3EA04B80C650}.Debug|Any CPU.Build.0 = Debug|Any CPU
		{40167A39-E5D1-4910-B88A-3EA04B80C650}.Release|Any CPU.ActiveCfg = Release|Any CPU
		{40167A39-E5D1-4910-B88A-3EA04B80C650}.Release|Any CPU.Build.0 = Release|Any CPU
		{C6B9C442-7378-4394-87C3-84E4F557BFAC}.Debug|Any CPU.ActiveCfg = Debug|Any CPU
		{C6B9C442-7378-4394-87C3-84E4F557BFAC}.Debug|Any CPU.Build.0 = Debug|Any CPU
		{C6B9C442-7378-4394-87C3-84E4F557BFAC}.Release|Any CPU.ActiveCfg = Release|Any CPU
		{C6B9C442-7378-4394-87C3-84E4F557BFAC}.Release|Any CPU.Build.0 = Release|Any CPU
	EndGlobalSection
	GlobalSection(SolutionProperties) = preSolution
		HideSolutionNode = FALSE
	EndGlobalSection
EndGlobal
